
Microsoft Visual Studio Solution File, Format Version 12.00
# Visual Studio Version 16
VisualStudioVersion = 16.0.31402.337
MinimumVisualStudioVersion = 10.0.40219.1
Project("{9A19103F-16F7-4668-BE54-9A1E7A4F7556}") = "BiosystemsTest", "BiosystemsTest\BiosystemsTest.csproj", "{2033A04D-ECE3-4453-8BC4-16A16C5005BE}"
EndProject
Project("{FAE04EC0-301F-11D3-BF4B-00C04F79EFBC}") = "BiosystemsTest.Tests", "BiosystemsTestTests\BiosystemsTest.Tests.csproj", "{A4879860-CD20-43CB-8825-D066921A8FBB}"
EndProject
Global
	GlobalSection(SolutionConfigurationPlatforms) = preSolution
		Debug|Any CPU = Debug|Any CPU
		Release|Any CPU = Release|Any CPU
	EndGlobalSection
	GlobalSection(ProjectConfigurationPlatforms) = postSolution
		{2033A04D-ECE3-4453-8BC4-16A16C5005BE}.Debug|Any CPU.ActiveCfg = Debug|Any CPU
		{2033A04D-ECE3-4453-8BC4-16A16C5005BE}.Debug|Any CPU.Build.0 = Debug|Any CPU
		{2033A04D-ECE3-4453-8BC4-16A16C5005BE}.Release|Any CPU.ActiveCfg = Release|Any CPU
		{2033A04D-ECE3-4453-8BC4-16A16C5005BE}.Release|Any CPU.Build.0 = Release|Any CPU
		{A4879860-CD20-43CB-8825-D066921A8FBB}.Debug|Any CPU.ActiveCfg = Debug|Any CPU
		{A4879860-CD20-43CB-8825-D066921A8FBB}.Debug|Any CPU.Build.0 = Debug|Any CPU
		{A4879860-CD20-43CB-8825-D066921A8FBB}.Release|Any CPU.ActiveCfg = Release|Any CPU
		{A4879860-CD20-43CB-8825-D066921A8FBB}.Release|Any CPU.Build.0 = Release|Any CPU
	EndGlobalSection
	GlobalSection(SolutionProperties) = preSolution
		HideSolutionNode = FALSE
	EndGlobalSection
	GlobalSection(ExtensibilityGlobals) = postSolution
		SolutionGuid = {24132720-1C8B-4EDC-9E7A-C9371A5E90CA}
	EndGlobalSection
EndGlobal
